
Microsoft Visual Studio Solution File, Format Version 12.00
# Visual Studio 15
VisualStudioVersion = 15.0.27703.2035
MinimumVisualStudioVersion = 10.0.40219.1
Project("{FAE04EC0-301F-11D3-BF4B-00C04F79EFBC}") = "Terminal", "Shader\Terminal.csproj", "{DEA0FE79-8C93-49F4-BD1A-08986E90ED91}"
EndProject
Global
	GlobalSection(SolutionConfigurationPlatforms) = preSolution
		Debug|Any CPU = Debug|Any CPU
		Release|Any CPU = Release|Any CPU
	EndGlobalSection
	GlobalSection(ProjectConfigurationPlatforms) = postSolution
		{DEA0FE79-8C93-49F4-BD1A-08986E90ED91}.Debug|Any CPU.ActiveCfg = Debug|Any CPU
		{DEA0FE79-8C93-49F4-BD1A-08986E90ED91}.Debug|Any CPU.Build.0 = Debug|Any CPU
		{DEA0FE79-8C93-49F4-BD1A-08986E90ED91}.Release|Any CPU.ActiveCfg = Release|Any CPU
		{DEA0FE79-8C93-49F4-BD1A-08986E90ED91}.Release|Any CPU.Build.0 = Release|Any CPU
	EndGlobalSection
	GlobalSection(SolutionProperties) = preSolution
		HideSolutionNode = FALSE
	EndGlobalSection
	GlobalSection(ExtensibilityGlobals) = postSolution
		SolutionGuid = {4805D6C6-E210-4EFF-8B8D-BA54C7E06608}
	EndGlobalSection
EndGlobal
